
Microsoft Visual Studio Solution File, Format Version 12.00
# Visual Studio Version 16
VisualStudioVersion = 16.0.808.4
MinimumVisualStudioVersion = 10.0.40219.1
Project("{FAE04EC0-301F-11D3-BF4B-00C04F79EFBC}") = "HangerMan", "HangerMan\HangerMan.csproj", "{7782B4DC-F266-4652-8812-DAAB9B8D24B6}"
EndProject
Global
	GlobalSection(SolutionConfigurationPlatforms) = preSolution
		Debug|anycpu = Debug|anycpu
		Release|anycpu = Release|anycpu
	EndGlobalSection
	GlobalSection(ProjectConfigurationPlatforms) = postSolution
		{7782B4DC-F266-4652-8812-DAAB9B8D24B6}.Debug|anycpu.ActiveCfg = Debug|anycpu
		{7782B4DC-F266-4652-8812-DAAB9B8D24B6}.Debug|anycpu.Build.0 = Debug|anycpu
		{7782B4DC-F266-4652-8812-DAAB9B8D24B6}.Release|anycpu.ActiveCfg = Release|anycpu
		{7782B4DC-F266-4652-8812-DAAB9B8D24B6}.Release|anycpu.Build.0 = Release|anycpu
	EndGlobalSection
	GlobalSection(SolutionProperties) = preSolution
		HideSolutionNode = FALSE
	EndGlobalSection
	GlobalSection(ExtensibilityGlobals) = postSolution
		SolutionGuid = {7ED72E20-41C8-4CF0-B31D-B40EEFE7B74D}
	EndGlobalSection
EndGlobal
